
Microsoft Visual Studio Solution File, Format Version 12.00
# Visual Studio Version 17
VisualStudioVersion = 17.11.35222.181
MinimumVisualStudioVersion = 10.0.40219.1
Project("{FAE04EC0-301F-11D3-BF4B-00C04F79EFBC}") = "HangfireSample", "HangfireSample\HangfireSample.csproj", "{5498E846-5B4C-4ECC-96E6-0583CD3826DD}"
EndProject
Global
	GlobalSection(SolutionConfigurationPlatforms) = preSolution
		Debug|Any CPU = Debug|Any CPU
		Release|Any CPU = Release|Any CPU
	EndGlobalSection
	GlobalSection(ProjectConfigurationPlatforms) = postSolution
		{5498E846-5B4C-4ECC-96E6-0583CD3826DD}.Debug|Any CPU.ActiveCfg = Debug|Any CPU
		{5498E846-5B4C-4ECC-96E6-0583CD3826DD}.Debug|Any CPU.Build.0 = Debug|Any CPU
		{5498E846-5B4C-4ECC-96E6-0583CD3826DD}.Release|Any CPU.ActiveCfg = Release|Any CPU
		{5498E846-5B4C-4ECC-96E6-0583CD3826DD}.Release|Any CPU.Build.0 = Release|Any CPU
	EndGlobalSection
	GlobalSection(SolutionProperties) = preSolution
		HideSolutionNode = FALSE
	EndGlobalSection
	GlobalSection(ExtensibilityGlobals) = postSolution
		SolutionGuid = {1FDB6A65-2233-4DB5-8DAA-C0BFABDC4B61}
	EndGlobalSection
EndGlobal
